// !$*UTF8*$!
{
	archiveVersion = 1;
	classes = {
	};
	objectVersion = 55;
	objects = {

/* Begin PBXBuildFile section */
		567B186C29353A290056909D /* H4X0RApp.swift in Sources */ = {isa = PBXBuildFile; fileRef = 567B186B29353A290056909D /* H4X0RApp.swift */; };
		567B186E29353A290056909D /* ContentView.swift in Sources */ = {isa = PBXBuildFile; fileRef = 567B186D29353A290056909D /* ContentView.swift */; };
		567B187029353A2C0056909D /* Assets.xcassets in Resources */ = {isa = PBXBuildFile; fileRef = 567B186F29353A2C0056909D /* Assets.xcassets */; };
		567B187329353A2C0056909D /* Preview Assets.xcassets in Resources */ = {isa = PBXBuildFile; fileRef = 567B187229353A2C0056909D /* Preview Assets.xcassets */; };
		567B187B29353EA20056909D /* NetworkManager.swift in Sources */ = {isa = PBXBuildFile; fileRef = 567B187A29353EA20056909D /* NetworkManager.swift */; };
		567B187D29353F8F0056909D /* PostData.swift in Sources */ = {isa = PBXBuildFile; fileRef = 567B187C29353F8F0056909D /* PostData.swift */; };
		567B188129354A0F0056909D /* DetailView.swift in Sources */ = {isa = PBXBuildFile; fileRef = 567B188029354A0F0056909D /* DetailView.swift */; };
		567B188329354EDE0056909D /* WebView.swift in Sources */ = {isa = PBXBuildFile; fileRef = 567B188229354EDE0056909D /* WebView.swift */; };
/* End PBXBuildFile section */

/* Begin PBXFileReference section */
		567B186829353A290056909D /* H4X0R.app */ = {isa = PBXFileReference; explicitFileType = wrapper.application; includeInIndex = 0; path = H4X0R.app; sourceTree = BUILT_PRODUCTS_DIR; };
		567B186B29353A290056909D /* H4X0RApp.swift */ = {isa = PBXFileReference; lastKnownFileType = sourcecode.swift; path = H4X0RApp.swift; sourceTree = "<group>"; };
		567B186D29353A290056909D /* ContentView.swift */ = {isa = PBXFileReference; lastKnownFileType = sourcecode.swift; path = ContentView.swift; sourceTree = "<group>"; };
		567B186F29353A2C0056909D /* Assets.xcassets */ = {isa = PBXFileReference; lastKnownFileType = folder.assetcatalog; path = Assets.xcassets; sourceTree = "<group>"; };
		567B187229353A2C0056909D /* Preview Assets.xcassets */ = {isa = PBXFileReference; lastKnownFileType = folder.assetcatalog; path = "Preview Assets.xcassets"; sourceTree = "<group>"; };
		567B187A29353EA20056909D /* NetworkManager.swift */ = {isa = PBXFileReference; lastKnownFileType = sourcecode.swift; path = NetworkManager.swift; sourceTree = "<group>"; };
		567B187C29353F8F0056909D /* PostData.swift */ = {isa = PBXFileReference; lastKnownFileType = sourcecode.swift; path = PostData.swift; sourceTree = "<group>"; };
		567B188029354A0F0056909D /* DetailView.swift */ = {isa = PBXFileReference; lastKnownFileType = sourcecode.swift; path = DetailView.swift; sourceTree = "<group>"; };
		567B188229354EDE0056909D /* WebView.swift */ = {isa = PBXFileReference; lastKnownFileType = sourcecode.swift; path = WebView.swift; sourceTree = "<group>"; };
		567B188429354FD90056909D /* H4X0R.entitlements */ = {isa = PBXFileReference; lastKnownFileType = text.plist.entitlements; path = H4X0R.entitlements; sourceTree = "<group>"; };
/* End PBXFileReference section */

/* Begin PBXFrameworksBuildPhase section */
		567B186529353A290056909D /* Frameworks */ = {
			isa = PBXFrameworksBuildPhase;
			buildActionMask = 2147483647;
			files = (
			);
			runOnlyForDeploymentPostprocessing = 0;
		};
/* End PBXFrameworksBuildPhase section */

/* Begin PBXGroup section */
		567B185F29353A290056909D = {
			isa = PBXGroup;
			children = (
				567B186A29353A290056909D /* H4X0R */,
				567B186929353A290056909D /* Products */,
			);
			sourceTree = "<group>";
		};
		567B186929353A290056909D /* Products */ = {
			isa = PBXGroup;
			children = (
				567B186829353A290056909D /* H4X0R.app */,
			);
			name = Products;
			sourceTree = "<group>";
		};
		567B186A29353A290056909D /* H4X0R */ = {
			isa = PBXGroup;
			children = (
				567B188429354FD90056909D /* H4X0R.entitlements */,
				567B187929353E920056909D /* Models */,
				567B186B29353A290056909D /* H4X0RApp.swift */,
				567B187F293549E60056909D /* Views */,
				567B186F29353A2C0056909D /* Assets.xcassets */,
				567B187129353A2C0056909D /* Preview Content */,
			);
			path = H4X0R;
			sourceTree = "<group>";
		};
		567B187129353A2C0056909D /* Preview Content */ = {
			isa = PBXGroup;
			children = (
				567B187229353A2C0056909D /* Preview Assets.xcassets */,
			);
			path = "Preview Content";
			sourceTree = "<group>";
		};
		567B187929353E920056909D /* Models */ = {
			isa = PBXGroup;
			children = (
				567B187A29353EA20056909D /* NetworkManager.swift */,
				567B187C29353F8F0056909D /* PostData.swift */,
			);
			path = Models;
			sourceTree = "<group>";
		};
		567B187F293549E60056909D /* Views */ = {
			isa = PBXGroup;
			children = (
				567B186D29353A290056909D /* ContentView.swift */,
				567B188029354A0F0056909D /* DetailView.swift */,
				567B188229354EDE0056909D /* WebView.swift */,
			);
			path = Views;
			sourceTree = "<group>";
		};
/* End PBXGroup section */

/* Begin PBXNativeTarget section */
		567B186729353A290056909D /* H4X0R */ = {
			isa = PBXNativeTarget;
			buildConfigurationList = 567B187629353A2C0056909D /* Build configuration list for PBXNativeTarget "H4X0R" */;
			buildPhases = (
				567B186429353A290056909D /* Sources */,
				567B186529353A290056909D /* Frameworks */,
				567B186629353A290056909D /* Resources */,
			);
			buildRules = (
			);
			dependencies = (
			);
			name = H4X0R;
			productName = H4X0R;
			productReference = 567B186829353A290056909D /* H4X0R.app */;
			productType = "com.apple.product-type.application";
		};
/* End PBXNativeTarget section */

/* Begin PBXProject section */
		567B186029353A290056909D /* Project object */ = {
			isa = PBXProject;
			attributes = {
				BuildIndependentTargetsInParallel = 1;
				LastSwiftUpdateCheck = 1340;
				LastUpgradeCheck = 1340;
				TargetAttributes = {
					567B186729353A290056909D = {
						CreatedOnToolsVersion = 13.4.1;
					};
				};
			};
			buildConfigurationList = 567B186329353A290056909D /* Build configuration list for PBXProject "H4X0R" */;
			compatibilityVersion = "Xcode 13.0";
			developmentRegion = en;
			hasScannedForEncodings = 0;
			knownRegions = (
				en,
				Base,
			);
			mainGroup = 567B185F29353A290056909D;
			productRefGroup = 567B186929353A290056909D /* Products */;
			projectDirPath = "";
			projectRoot = "";
			targets = (
				567B186729353A290056909D /* H4X0R */,
			);
		};
/* End PBXProject section */

/* Begin PBXResourcesBuildPhase section */
		567B186629353A290056909D /* Resources */ = {
			isa = PBXResourcesBuildPhase;
			buildActionMask = 2147483647;
			files = (
				567B187329353A2C0056909D /* Preview Assets.xcassets in Resources */,
				567B187029353A2C0056909D /* Assets.xcassets in Resources */,
			);
			runOnlyForDeploymentPostprocessing = 0;
		};
/* End PBXResourcesBuildPhase section */

/* Begin PBXSourcesBuildPhase section */
		567B186429353A290056909D /* Sources */ = {
			isa = PBXSourcesBuildPhase;
			buildActionMask = 2147483647;
			files = (
				567B187B29353EA20056909D /* NetworkManager.swift in Sources */,
				567B187D29353F8F0056909D /* PostData.swift in Sources */,
				567B186E29353A290056909D /* ContentView.swift in Sources */,
				567B188329354EDE0056909D /* WebView.swift in Sources */,
				567B188129354A0F0056909D /* DetailView.swift in Sources */,
				567B186C29353A290056909D /* H4X0RApp.swift in Sources */,
			);
			runOnlyForDeploymentPostprocessing = 0;
		};
/* End PBXSourcesBuildPhase section */

/* Begin XCBuildConfiguration section */
		567B187429353A2C0056909D /* Debug */ = {
			isa = XCBuildConfiguration;
			buildSettings = {
				ALWAYS_SEARCH_USER_PATHS = NO;
				CLANG_ANALYZER_NONNULL = YES;
				CLANG_ANALYZER_NUMBER_OBJECT_CONVERSION = YES_AGGRESSIVE;
				CLANG_CXX_LANGUAGE_STANDARD = "gnu++17";
				CLANG_ENABLE_MODULES = YES;
				CLANG_ENABLE_OBJC_ARC = YES;
				CLANG_ENABLE_OBJC_WEAK = YES;
				CLANG_WARN_BLOCK_CAPTURE_AUTORELEASING = YES;
				CLANG_WARN_BOOL_CONVERSION = YES;
				CLANG_WARN_COMMA = YES;
				CLANG_WARN_CONSTANT_CONVERSION = YES;
				CLANG_WARN_DEPRECATED_OBJC_IMPLEMENTATIONS = YES;
				CLANG_WARN_DIRECT_OBJC_ISA_USAGE = YES_ERROR;
				CLANG_WARN_DOCUMENTATION_COMMENTS = YES;
				CLANG_WARN_EMPTY_BODY = YES;
				CLANG_WARN_ENUM_CONVERSION = YES;
				CLANG_WARN_INFINITE_RECURSION = YES;
				CLANG_WARN_INT_CONVERSION = YES;
				CLANG_WARN_NON_LITERAL_NULL_CONVERSION = YES;
				CLANG_WARN_OBJC_IMPLICIT_RETAIN_SELF = YES;
				CLANG_WARN_OBJC_LITERAL_CONVERSION = YES;
				CLANG_WARN_OBJC_ROOT_CLASS = YES_ERROR;
				CLANG_WARN_QUOTED_INCLUDE_IN_FRAMEWORK_HEADER = YES;
				CLANG_WARN_RANGE_LOOP_ANALYSIS = YES;
				CLANG_WARN_STRICT_PROTOTYPES = YES;
				CLANG_WARN_SUSPICIOUS_MOVE = YES;
				CLANG_WARN_UNGUARDED_AVAILABILITY = YES_AGGRESSIVE;
				CLANG_WARN_UNREACHABLE_CODE = YES;
				CLANG_WARN__DUPLICATE_METHOD_MATCH = YES;
				COPY_PHASE_STRIP = NO;
				DEBUG_INFORMATION_FORMAT = dwarf;
				ENABLE_STRICT_OBJC_MSGSEND = YES;
				ENABLE_TESTABILITY = YES;
				GCC_C_LANGUAGE_STANDARD = gnu11;
				GCC_DYNAMIC_NO_PIC = NO;
				GCC_NO_COMMON_BLOCKS = YES;
				GCC_OPTIMIZATION_LEVEL = 0;
				GCC_PREPROCESSOR_DEFINITIONS = (
					"DEBUG=1",
					"$(inherited)",
				);
				GCC_WARN_64_TO_32_BIT_CONVERSION = YES;
				GCC_WARN_ABOUT_RETURN_TYPE = YES_ERROR;
				GCC_WARN_UNDECLARED_SELECTOR = YES;
				GCC_WARN_UNINITIALIZED_AUTOS = YES_AGGRESSIVE;
				GCC_WARN_UNUSED_FUNCTION = YES;
				GCC_WARN_UNUSED_VARIABLE = YES;
				IPHONEOS_DEPLOYMENT_TARGET = 15.5;
				MTL_ENABLE_DEBUG_INFO = INCLUDE_SOURCE;
				MTL_FAST_MATH = YES;
				ONLY_ACTIVE_ARCH = YES;
				SDKROOT = iphoneos;
				SWIFT_ACTIVE_COMPILATION_CONDITIONS = DEBUG;
				SWIFT_OPTIMIZATION_LEVEL = "-Onone";
			};
			name = Debug;
		};
		567B187529353A2C0056909D /* Release */ = {
			isa = XCBuildConfiguration;
			buildSettings = {
				ALWAYS_SEARCH_USER_PATHS = NO;
				CLANG_ANALYZER_NONNULL = YES;
				CLANG_ANALYZER_NUMBER_OBJECT_CONVERSION = YES_AGGRESSIVE;
				CLANG_CXX_LANGUAGE_STANDARD = "gnu++17";
				CLANG_ENABLE_MODULES = YES;
				CLANG_ENABLE_OBJC_ARC = YES;
				CLANG_ENABLE_OBJC_WEAK = YES;
				CLANG_WARN_BLOCK_CAPTURE_AUTORELEASING = YES;
				CLANG_WARN_BOOL_CONVERSION = YES;
				CLANG_WARN_COMMA = YES;
				CLANG_WARN_CONSTANT_CONVERSION = YES;
				CLANG_WARN_DEPRECATED_OBJC_IMPLEMENTATIONS = YES;
				CLANG_WARN_DIRECT_OBJC_ISA_USAGE = YES_ERROR;
				CLANG_WARN_DOCUMENTATION_COMMENTS = YES;
				CLANG_WARN_EMPTY_BODY = YES;
				CLANG_WARN_ENUM_CONVERSION = YES;
				CLANG_WARN_INFINITE_RECURSION = YES;
				CLANG_WARN_INT_CONVERSION = YES;
				CLANG_WARN_NON_LITERAL_NULL_CONVERSION = YES;
				CLANG_WARN_OBJC_IMPLICIT_RETAIN_SELF = YES;
				CLANG_WARN_OBJC_LITERAL_CONVERSION = YES;
				CLANG_WARN_OBJC_ROOT_CLASS = YES_ERROR;
				CLANG_WARN_QUOTED_INCLUDE_IN_FRAMEWORK_HEADER = YES;
				CLANG_WARN_RANGE_LOOP_ANALYSIS = YES;
				CLANG_WARN_STRICT_PROTOTYPES = YES;
				CLANG_WARN_SUSPICIOUS_MOVE = YES;
				CLANG_WARN_UNGUARDED_AVAILABILITY = YES_AGGRESSIVE;
				CLANG_WARN_UNREACHABLE_CODE = YES;
				CLANG_WARN__DUPLICATE_METHOD_MATCH = YES;
				COPY_PHASE_STRIP = NO;
				DEBUG_INFORMATION_FORMAT = "dwarf-with-dsym";
				ENABLE_NS_ASSERTIONS = NO;
				ENABLE_STRICT_OBJC_MSGSEND = YES;
				GCC_C_LANGUAGE_STANDARD = gnu11;
				GCC_NO_COMMON_BLOCKS = YES;
				GCC_WARN_64_TO_32_BIT_CONVERSION = YES;
				GCC_WARN_ABOUT_RETURN_TYPE = YES_ERROR;
				GCC_WARN_UNDECLARED_SELECTOR = YES;
				GCC_WARN_UNINITIALIZED_AUTOS = YES_AGGRESSIVE;
				GCC_WARN_UNUSED_FUNCTION = YES;
				GCC_WARN_UNUSED_VARIABLE = YES;
				IPHONEOS_DEPLOYMENT_TARGET = 15.5;
				MTL_ENABLE_DEBUG_INFO = NO;
				MTL_FAST_MATH = YES;
				SDKROOT = iphoneos;
				SWIFT_COMPILATION_MODE = wholemodule;
				SWIFT_OPTIMIZATION_LEVEL = "-O";
				VALIDATE_PRODUCT = YES;
			};
			name = Release;
		};
		567B187729353A2C0056909D /* Debug */ = {
			isa = XCBuildConfiguration;
			buildSettings = {
				ASSETCATALOG_COMPILER_APPICON_NAME = AppIcon;
				ASSETCATALOG_COMPILER_GLOBAL_ACCENT_COLOR_NAME = AccentColor;
				CODE_SIGN_ENTITLEMENTS = H4X0R/H4X0R.entitlements;
				CODE_SIGN_STYLE = Automatic;
				CURRENT_PROJECT_VERSION = 1;
				DEVELOPMENT_ASSET_PATHS = "\"H4X0R/Preview Content\"";
				DEVELOPMENT_TEAM = 5H899YL26F;
				ENABLE_PREVIEWS = YES;
				GENERATE_INFOPLIST_FILE = YES;
				INFOPLIST_KEY_UIApplicationSceneManifest_Generation = YES;
				INFOPLIST_KEY_UIApplicationSupportsIndirectInputEvents = YES;
				INFOPLIST_KEY_UILaunchScreen_Generation = YES;
				INFOPLIST_KEY_UISupportedInterfaceOrientations_iPad = "UIInterfaceOrientationPortrait UIInterfaceOrientationPortraitUpsideDown UIInterfaceOrientationLandscapeLeft UIInterfaceOrientationLandscapeRight";
				INFOPLIST_KEY_UISupportedInterfaceOrientations_iPhone = "UIInterfaceOrientationPortrait UIInterfaceOrientationLandscapeLeft UIInterfaceOrientationLandscapeRight";
				LD_RUNPATH_SEARCH_PATHS = (
					"$(inherited)",
					"@executable_path/Frameworks",
				);
				MARKETING_VERSION = 1.0;
				PRODUCT_BUNDLE_IDENTIFIER = co.swapnil.H4X0R;
				PRODUCT_NAME = "$(TARGET_NAME)";
				SUPPORTS_MACCATALYST = YES;
				SWIFT_EMIT_LOC_STRINGS = YES;
				SWIFT_VERSION = 5.0;
				TARGETED_DEVICE_FAMILY = "1,2";
			};
			name = Debug;
		};
		567B187829353A2C0056909D /* Release */ = {
			isa = XCBuildConfiguration;
			buildSettings = {
				ASSETCATALOG_COMPILER_APPICON_NAME = AppIcon;
				ASSETCATALOG_COMPILER_GLOBAL_ACCENT_COLOR_NAME = AccentColor;
				CODE_SIGN_ENTITLEMENTS = H4X0R/H4X0R.entitlements;
				CODE_SIGN_STYLE = Automatic;
				CURRENT_PROJECT_VERSION = 1;
				DEVELOPMENT_ASSET_PATHS = "\"H4X0R/Preview Content\"";
				DEVELOPMENT_TEAM = 5H899YL26F;
				ENABLE_PREVIEWS = YES;
				GENERATE_INFOPLIST_FILE = YES;
				INFOPLIST_KEY_UIApplicationSceneManifest_Generation = YES;
				INFOPLIST_KEY_UIApplicationSupportsIndirectInputEvents = YES;
				INFOPLIST_KEY_UILaunchScreen_Generation = YES;
				INFOPLIST_KEY_UISupportedInterfaceOrientations_iPad = "UIInterfaceOrientationPortrait UIInterfaceOrientationPortraitUpsideDown UIInterfaceOrientationLandscapeLeft UIInterfaceOrientationLandscapeRight";
				INFOPLIST_KEY_UISupportedInterfaceOrientations_iPhone = "UIInterfaceOrientationPortrait UIInterfaceOrientationLandscapeLeft UIInterfaceOrientationLandscapeRight";
				LD_RUNPATH_SEARCH_PATHS = (
					"$(inherited)",
					"@executable_path/Frameworks",
				);
				MARKETING_VERSION = 1.0;
				PRODUCT_BUNDLE_IDENTIFIER = co.swapnil.H4X0R;
				PRODUCT_NAME = "$(TARGET_NAME)";
				SUPPORTS_MACCATALYST = YES;
				SWIFT_EMIT_LOC_STRINGS = YES;
				SWIFT_VERSION = 5.0;
				TARGETED_DEVICE_FAMILY = "1,2";
			};
			name = Release;
		};
/* End XCBuildConfiguration section */

/* Begin XCConfigurationList section */
		567B186329353A290056909D /* Build configuration list for PBXProject "H4X0R" */ = {
			isa = XCConfigurationList;
			buildConfigurations = (
				567B187429353A2C0056909D /* Debug */,
				567B187529353A2C0056909D /* Release */,
			);
			defaultConfigurationIsVisible = 0;
			defaultConfigurationName = Release;
		};
		567B187629353A2C0056909D /* Build configuration list for PBXNativeTarget "H4X0R" */ = {
			isa = XCConfigurationList;
			buildConfigurations = (
				567B187729353A2C0056909D /* Debug */,
				567B187829353A2C0056909D /* Release */,
			);
			defaultConfigurationIsVisible = 0;
			defaultConfigurationName = Release;
		};
/* End XCConfigurationList section */
	};
	rootObject = 567B186029353A290056909D /* Project object */;
}
